<?xml version="1.0" encoding="utf-8"?>
<Project ToolsVersion="4.0" xmlns="http://schemas.microsoft.com/developer/msbuild/2003">
  <ItemGroup>
    <Filter Include="Source Files">
      <UniqueIdentifier>{4FC737F1-C7A5-4376-A066-2A32D752A2FF}</UniqueIdentifier>
      <Extensions>cpp;c;cxx;def;odl;idl;hpj;bat;asm;asmx</Extensions>
    </Filter>
    <Filter Include="Source Files\Library">
      <UniqueIdentifier>{53644e16-03c7-4bfa-9760-73c635023596}</UniqueIdentifier>
    </Filter>
    <Filter Include="Source Files\Project">
      <UniqueIdentifier>{69302626-0141-4b33-9144-1794ce620c58}</UniqueIdentifier>
    </Filter>
    <Filter Include="Header Files">
      <UniqueIdentifier>{93995380-89BD-4b04-88EB-625FBE52EBFB}</UniqueIdentifier>
      <Extensions>h;hpp;hxx;hm;inl;inc;xsd</Extensions>
    </Filter>
    <Filter Include="Header Files\Library">
      <UniqueIdentifier>{4301a2e2-63d5-49d4-a7db-5d674a63e18b}</UniqueIdentifier>
    </Filter>
    <Filter Include="Header Files\Project">
      <UniqueIdentifier>{6fabf0b9-aa8a-4bb1-a792-e3ba5189a903}</UniqueIdentifier>
    </Filter>
    <Filter Include="Resource Files">
      <UniqueIdentifier>{67DA6AB6-F800-4c08-8B7A-83BB121AAD01}</UniqueIdentifier>
      <Extensions>rc;ico;cur;bmp;dlg;rc2;rct;bin;rgs;gif;jpg;jpeg;jpe;resx</Extensions>
    </Filter>
  </ItemGroup>
  <ItemGroup>
    <ClCompile Include="..\src\tolc_array.c">
      <Filter>Source Files\Library</Filter>
    </ClCompile>
    <ClCompile Include="..\src\tolc_datetime.c">
      <Filter>Source Files\Library</Filter>
    </ClCompile>
    <ClCompile Include="..\src\tolc_debug.c">
      <Filter>Source Files\Library</Filter>
    </ClCompile>
    <ClCompile Include="..\src\tolc_dispatch.c">
      <Filter>Source Files\Library</Filter>
    </ClCompile>
    <ClCompile Include="..\src\tolc_draw.c">
      <Filter>Source Files\Library</Filter>
    </ClCompile>
    <ClCompile Include="..\src\tolc_find.c">
      <Filter>Source Files\Library</Filter>
    </ClCompile>
    <ClCompile Include="..\src\tolc_imagectrl.c">
      <Filter>Source Files\Library</Filter>
    </ClCompile>
    <ClCompile Include="..\src\tolc_lang.c">
      <Filter>Source Files\Library</Filter>
    </ClCompile>
    <ClCompile Include="..\src\tolc_linkctrl.c">
      <Filter>Source Files\Library</Filter>
    </ClCompile>
    <ClCompile Include="..\src\tolc_list.c">
      <Filter>Source Files\Library</Filter>
    </ClCompile>
    <ClCompile Include="..\src\tolc_livetext.c">
      <Filter>Source Files\Library</Filter>
    </ClCompile>
    <ClCompile Include="..\src\tolc_memdc.c">
      <Filter>Source Files\Library</Filter>
    </ClCompile>
    <ClCompile Include="..\src\tolc_memory.c">
      <Filter>Source Files\Library</Filter>
    </ClCompile>
    <ClCompile Include="..\src\tolc_menu.c">
      <Filter>Source Files\Library</Filter>
    </ClCompile>
    <ClCompile Include="..\src\tolc_menu_od.c">
      <Filter>Source Files\Library</Filter>
    </ClCompile>
    <ClCompile Include="..\src\tolc_register.c">
      <Filter>Source Files\Library</Filter>
    </ClCompile>
    <ClCompile Include="..\src\tolc_string.c">
      <Filter>Source Files\Library</Filter>
    </ClCompile>
    <ClCompile Include="..\src\tolc_stringa.c">
      <Filter>Source Files\Library</Filter>
    </ClCompile>
    <ClCompile Include="..\src\tolc_stringw.c">
      <Filter>Source Files\Library</Filter>
    </ClCompile>
    <ClCompile Include="..\src\tolc_util.c">
      <Filter>Source Files\Library</Filter>
    </ClCompile>
    <ClCompile Include="..\src\tolc_version.c">
      <Filter>Source Files\Library</Filter>
    </ClCompile>
    <ClCompile Include="..\prj\tolc\dllmain.c">
      <Filter>Source Files\Project</Filter>
    </ClCompile>
    <ClCompile Include="..\prj\tolc\stdafx.c">
      <Filter>Source Files\Project</Filter>
    </ClCompile>
    <ClCompile Include="..\src\tolc_text.c">
      <Filter>Source Files\Library</Filter>
    </ClCompile>
  </ItemGroup>
  <ItemGroup>
    <ClInclude Include="..\inc\tol.h">
      <Filter>Header Files\Library</Filter>
    </ClInclude>
    <ClInclude Include="..\inc\tolc.h">
      <Filter>Header Files\Library</Filter>
    </ClInclude>
    <ClInclude Include="..\inc\tolc_dispatch.h">
      <Filter>Header Files\Library</Filter>
    </ClInclude>
    <ClInclude Include="..\inc\tolc_draw.h">
      <Filter>Header Files\Library</Filter>
    </ClInclude>
    <ClInclude Include="..\inc\tolc_find.h">
      <Filter>Header Files\Library</Filter>
    </ClInclude>
    <ClInclude Include="..\inc\tolc_imagectrl.h">
      <Filter>Header Files\Library</Filter>
    </ClInclude>
    <ClInclude Include="..\inc\tolc_lang.h">
      <Filter>Header Files\Library</Filter>
    </ClInclude>
    <ClInclude Include="..\inc\tolc_linkctrl.h">
      <Filter>Header Files\Library</Filter>
    </ClInclude>
    <ClInclude Include="..\inc\tolc_list.h">
      <Filter>Header Files\Library</Filter>
    </ClInclude>
    <ClInclude Include="..\inc\tolc_livetext.h">
      <Filter>Header Files\Library</Filter>
    </ClInclude>
    <ClInclude Include="..\inc\tolc_memdc.h">
      <Filter>Header Files\Library</Filter>
    </ClInclude>
    <ClInclude Include="..\inc\tolc_menu.h">
      <Filter>Header Files\Library</Filter>
    </ClInclude>
    <ClInclude Include="..\inc\tolc_menu_od.h">
      <Filter>Header Files\Library</Filter>
    </ClInclude>
    <ClInclude Include="..\inc\tolc_register.h">
      <Filter>Header Files\Library</Filter>
    </ClInclude>
    <ClInclude Include="..\inc\tolc_util.h">
      <Filter>Header Files\Library</Filter>
    </ClInclude>
    <ClInclude Include="..\inc\tolc_version.h">
      <Filter>Header Files\Library</Filter>
    </ClInclude>
    <ClInclude Include="..\prj\tolc\resource.h">
      <Filter>Header Files\Project</Filter>
    </ClInclude>
    <ClInclude Include="..\prj\tolc\stdafx.h">
      <Filter>Header Files\Project</Filter>
    </ClInclude>
    <ClInclude Include="..\prj\tolc\targetver.h">
      <Filter>Header Files\Project</Filter>
    </ClInclude>
  </ItemGroup>
  <ItemGroup>
    <CustomBuild Include="..\inc\tolc_array.h">
      <Filter>Header Files\Library</Filter>
    </CustomBuild>
    <CustomBuild Include="..\inc\tolc_datetime.h">
      <Filter>Header Files\Library</Filter>
    </CustomBuild>
    <CustomBuild Include="..\inc\tolc_debug.h">
      <Filter>Header Files\Library</Filter>
    </CustomBuild>
    <CustomBuild Include="..\inc\tolc_memory.h">
      <Filter>Header Files\Library</Filter>
    </CustomBuild>
    <CustomBuild Include="..\inc\tolc_string.h">
      <Filter>Header Files\Library</Filter>
    </CustomBuild>
    <CustomBuild Include="..\inc\tolc_stringa.h">
      <Filter>Header Files\Library</Filter>
    </CustomBuild>
    <CustomBuild Include="..\inc\tolc_stringw.h">
      <Filter>Header Files\Library</Filter>
    </CustomBuild>
    <CustomBuild Include="..\inc\tolc_text.h">
      <Filter>Header Files\Library</Filter>
    </CustomBuild>
  </ItemGroup>
  <ItemGroup>
    <None Include="..\prj\tolc\module.def">
      <Filter>Source Files\Project</Filter>
    </None>
  </ItemGroup>
  <ItemGroup>
    <ResourceCompile Include="..\prj\tolc\dll.rc">
      <Filter>Resource Files</Filter>
    </ResourceCompile>
  </ItemGroup>
</Project>