<?xml version="1.0" encoding="utf-8"?>
<Project ToolsVersion="4.0" xmlns="http://schemas.microsoft.com/developer/msbuild/2003">
  <ItemGroup>
    <Filter Include="Source Files">
      <UniqueIdentifier>{4FC737F1-C7A5-4376-A066-2A32D752A2FF}</UniqueIdentifier>
      <Extensions>cpp;c;cxx;def;odl;idl;hpj;bat;asm;asmx</Extensions>
    </Filter>
    <Filter Include="Source Files\Library">
      <UniqueIdentifier>{d5668b76-384e-4d17-919b-6254da1d6b54}</UniqueIdentifier>
    </Filter>
    <Filter Include="Source Files\Project">
      <UniqueIdentifier>{7477b475-dcaa-4919-9a07-fedef95c9a09}</UniqueIdentifier>
    </Filter>
    <Filter Include="Header Files">
      <UniqueIdentifier>{93995380-89BD-4b04-88EB-625FBE52EBFB}</UniqueIdentifier>
      <Extensions>h;hpp;hxx;hm;inl;inc;xsd</Extensions>
    </Filter>
    <Filter Include="Header Files\Library">
      <UniqueIdentifier>{9eea8791-d42f-4480-9a4f-ee398ff3b646}</UniqueIdentifier>
    </Filter>
    <Filter Include="Header Files\Project">
      <UniqueIdentifier>{e0599a62-d6a8-4335-a309-483b1156214d}</UniqueIdentifier>
    </Filter>
    <Filter Include="Resource Files">
      <UniqueIdentifier>{67DA6AB6-F800-4c08-8B7A-83BB121AAD01}</UniqueIdentifier>
      <Extensions>rc;ico;cur;bmp;dlg;rc2;rct;bin;rgs;gif;jpg;jpeg;jpe;resx</Extensions>
    </Filter>
  </ItemGroup>
  <ItemGroup>
    <ClCompile Include="..\src\tolmysql_connection.cpp">
      <Filter>Source Files\Library</Filter>
    </ClCompile>
    <ClCompile Include="..\src\tolmysql_mysql.cpp">
      <Filter>Source Files\Library</Filter>
    </ClCompile>
    <ClCompile Include="..\src\tolmysql_result.cpp">
      <Filter>Source Files\Library</Filter>
    </ClCompile>
    <ClCompile Include="..\prj\tolmysql\dllmain.cpp">
      <Filter>Source Files\Project</Filter>
    </ClCompile>
    <ClCompile Include="..\prj\tolmysql\stdafx.cpp">
      <Filter>Source Files\Project</Filter>
    </ClCompile>
  </ItemGroup>
  <ItemGroup>
    <ClInclude Include="..\inc\tol.h">
      <Filter>Header Files\Library</Filter>
    </ClInclude>
    <ClInclude Include="..\inc\tolmysql.h">
      <Filter>Header Files\Library</Filter>
    </ClInclude>
    <ClInclude Include="..\inc\tolmysql_connection.h">
      <Filter>Header Files\Library</Filter>
    </ClInclude>
    <ClInclude Include="..\inc\tolmysql_mysql.h">
      <Filter>Header Files\Library</Filter>
    </ClInclude>
    <ClInclude Include="..\inc\tolmysql_result.h">
      <Filter>Header Files\Library</Filter>
    </ClInclude>
    <ClInclude Include="..\prj\tolmysql\resource.h">
      <Filter>Header Files\Project</Filter>
    </ClInclude>
    <ClInclude Include="..\prj\tolmysql\stdafx.h">
      <Filter>Header Files\Project</Filter>
    </ClInclude>
    <ClInclude Include="..\prj\tolmysql\targetver.h">
      <Filter>Header Files\Project</Filter>
    </ClInclude>
  </ItemGroup>
  <ItemGroup>
    <None Include="..\inc\tolmysql_connection.inl">
      <Filter>Header Files\Library</Filter>
    </None>
    <None Include="..\inc\tolmysql_mysql.inl">
      <Filter>Header Files\Library</Filter>
    </None>
    <None Include="..\inc\tolmysql_result.inl">
      <Filter>Header Files\Library</Filter>
    </None>
    <None Include="..\prj\tolmysql\module.def">
      <Filter>Source Files\Project</Filter>
    </None>
  </ItemGroup>
  <ItemGroup>
    <ResourceCompile Include="..\prj\tolmysql\dll.rc">
      <Filter>Resource Files</Filter>
    </ResourceCompile>
  </ItemGroup>
</Project>